
Microsoft Visual Studio Solution File, Format Version 12.00
# Visual Studio Version 17
VisualStudioVersion = 17.2.32616.157
MinimumVisualStudioVersion = 10.0.40219.1
Project("{9A19103F-16F7-4668-BE54-9A1E7A4F7556}") = "SkiaSharpBlurTest", "SkiaSharpBlurTest\SkiaSharpBlurTest.csproj", "{EF4C7B76-62A9-4A81-B891-947C52FE9EB7}"
EndProject
Global
	GlobalSection(SolutionConfigurationPlatforms) = preSolution
		Debug|Any CPU = Debug|Any CPU
		Release|Any CPU = Release|Any CPU
	EndGlobalSection
	GlobalSection(ProjectConfigurationPlatforms) = postSolution
		{EF4C7B76-62A9-4A81-B891-947C52FE9EB7}.Debug|Any CPU.ActiveCfg = Debug|Any CPU
		{EF4C7B76-62A9-4A81-B891-947C52FE9EB7}.Debug|Any CPU.Build.0 = Debug|Any CPU
		{EF4C7B76-62A9-4A81-B891-947C52FE9EB7}.Release|Any CPU.ActiveCfg = Release|Any CPU
		{EF4C7B76-62A9-4A81-B891-947C52FE9EB7}.Release|Any CPU.Build.0 = Release|Any CPU
	EndGlobalSection
	GlobalSection(SolutionProperties) = preSolution
		HideSolutionNode = FALSE
	EndGlobalSection
	GlobalSection(ExtensibilityGlobals) = postSolution
		SolutionGuid = {79F1CD44-DFA7-45A0-8C84-1427BF8118E6}
	EndGlobalSection
EndGlobal
